
Microsoft Visual Studio Solution File, Format Version 12.00
# Visual Studio 15
VisualStudioVersion = 15.0.28307.489
MinimumVisualStudioVersion = 10.0.40219.1
Project("{FAE04EC0-301F-11D3-BF4B-00C04F79EFBC}") = "WindowsFormsApp1", "WindowsFormsApp1\WindowsFormsApp1.csproj", "{63FD2CCC-AFEE-483B-BD71-01E9FFB55AF8}"
EndProject
Project("{FAE04EC0-301F-11D3-BF4B-00C04F79EFBC}") = "WindowsFormsApp2", "WindowsFormsApp2\WindowsFormsApp2.csproj", "{A983F4EF-AB91-4F52-A308-6A238C8E0717}"
EndProject
Global
	GlobalSection(SolutionConfigurationPlatforms) = preSolution
		Debug|Any CPU = Debug|Any CPU
		Release|Any CPU = Release|Any CPU
	EndGlobalSection
	GlobalSection(ProjectConfigurationPlatforms) = postSolution
		{63FD2CCC-AFEE-483B-BD71-01E9FFB55AF8}.Debug|Any CPU.ActiveCfg = Debug|Any CPU
		{63FD2CCC-AFEE-483B-BD71-01E9FFB55AF8}.Debug|Any CPU.Build.0 = Debug|Any CPU
		{63FD2CCC-AFEE-483B-BD71-01E9FFB55AF8}.Release|Any CPU.ActiveCfg = Release|Any CPU
		{63FD2CCC-AFEE-483B-BD71-01E9FFB55AF8}.Release|Any CPU.Build.0 = Release|Any CPU
		{A983F4EF-AB91-4F52-A308-6A238C8E0717}.Debug|Any CPU.ActiveCfg = Debug|Any CPU
		{A983F4EF-AB91-4F52-A308-6A238C8E0717}.Debug|Any CPU.Build.0 = Debug|Any CPU
		{A983F4EF-AB91-4F52-A308-6A238C8E0717}.Release|Any CPU.ActiveCfg = Release|Any CPU
		{A983F4EF-AB91-4F52-A308-6A238C8E0717}.Release|Any CPU.Build.0 = Release|Any CPU
	EndGlobalSection
	GlobalSection(SolutionProperties) = preSolution
		HideSolutionNode = FALSE
	EndGlobalSection
	GlobalSection(ExtensibilityGlobals) = postSolution
		SolutionGuid = {7BDCF5A5-F0F8-46DE-9341-891687E3C543}
	EndGlobalSection
EndGlobal
